
Microsoft Visual Studio Solution File, Format Version 12.00
# Visual Studio Version 17
VisualStudioVersion = 17.6.33829.357
MinimumVisualStudioVersion = 10.0.40219.1
Project("{9A19103F-16F7-4668-BE54-9A1E7A4F7556}") = "TinhThue", "TinhThue\TinhThue.csproj", "{B2B39623-2F15-4421-B635-4542437BC851}"
EndProject
Project("{9A19103F-16F7-4668-BE54-9A1E7A4F7556}") = "TestTinhThue", "TestTinhThue\TestTinhThue.csproj", "{AF4EE9CA-7505-44C7-9381-0AD7173AF413}"
EndProject
Global
	GlobalSection(SolutionConfigurationPlatforms) = preSolution
		Debug|Any CPU = Debug|Any CPU
		Release|Any CPU = Release|Any CPU
	EndGlobalSection
	GlobalSection(ProjectConfigurationPlatforms) = postSolution
		{B2B39623-2F15-4421-B635-4542437BC851}.Debug|Any CPU.ActiveCfg = Debug|Any CPU
		{B2B39623-2F15-4421-B635-4542437BC851}.Debug|Any CPU.Build.0 = Debug|Any CPU
		{B2B39623-2F15-4421-B635-4542437BC851}.Release|Any CPU.ActiveCfg = Release|Any CPU
		{B2B39623-2F15-4421-B635-4542437BC851}.Release|Any CPU.Build.0 = Release|Any CPU
		{AF4EE9CA-7505-44C7-9381-0AD7173AF413}.Debug|Any CPU.ActiveCfg = Debug|Any CPU
		{AF4EE9CA-7505-44C7-9381-0AD7173AF413}.Debug|Any CPU.Build.0 = Debug|Any CPU
		{AF4EE9CA-7505-44C7-9381-0AD7173AF413}.Release|Any CPU.ActiveCfg = Release|Any CPU
		{AF4EE9CA-7505-44C7-9381-0AD7173AF413}.Release|Any CPU.Build.0 = Release|Any CPU
	EndGlobalSection
	GlobalSection(SolutionProperties) = preSolution
		HideSolutionNode = FALSE
	EndGlobalSection
	GlobalSection(ExtensibilityGlobals) = postSolution
		SolutionGuid = {448CAD65-1EE6-4548-9DAB-A6A571D8DC85}
	EndGlobalSection
EndGlobal
